
Microsoft Visual Studio Solution File, Format Version 12.00
# Visual Studio Version 17
VisualStudioVersion = 17.0.31903.59
MinimumVisualStudioVersion = 10.0.40219.1
Project("{9A19103F-16F7-4668-BE54-9A1E7A4F7556}") = "Daihoc_FPT_News", "Test2\Daihoc_FPT_News.csproj", "{580F7748-020E-415D-9E0D-6BC79B3B0CB4}"
EndProject
Global
	GlobalSection(SolutionConfigurationPlatforms) = preSolution
		Debug|Any CPU = Debug|Any CPU
		Release|Any CPU = Release|Any CPU
	EndGlobalSection
	GlobalSection(ProjectConfigurationPlatforms) = postSolution
		{580F7748-020E-415D-9E0D-6BC79B3B0CB4}.Debug|Any CPU.ActiveCfg = Debug|Any CPU
		{580F7748-020E-415D-9E0D-6BC79B3B0CB4}.Debug|Any CPU.Build.0 = Debug|Any CPU
		{580F7748-020E-415D-9E0D-6BC79B3B0CB4}.Release|Any CPU.ActiveCfg = Release|Any CPU
		{580F7748-020E-415D-9E0D-6BC79B3B0CB4}.Release|Any CPU.Build.0 = Release|Any CPU
	EndGlobalSection
	GlobalSection(SolutionProperties) = preSolution
		HideSolutionNode = FALSE
	EndGlobalSection
	GlobalSection(ExtensibilityGlobals) = postSolution
		SolutionGuid = {FB779E74-F123-49B5-8655-D6F344F8DFEF}
	EndGlobalSection
EndGlobal
